PODS:
  - cached_video_player (0.0.2):
    - Flutter
    - KTVHTTPCache (~> 2.0.0)
  - CocoaAsyncSocket (7.6.5)
  - Flutter (1.0.0)
  - flutter_keyboard_visibility (0.0.1):
    - Flutter
  - HMSAnalyticsSDK (0.0.2)
  - HMSBroadcastExtensionSDK (0.0.9)
  - HMSHLSPlayerSDK (0.0.2):
    - HMSAnalyticsSDK (= 0.0.2)
  - HMSNoiseCancellationModels (1.0.0)
  - HMSSDK (1.10.0):
    - HMSAnalyticsSDK (= 0.0.2)
    - HMSWebRTC (= 1.0.6169)
  - hmssdk_flutter (1.10.2):
    - Flutter
    - HMSBroadcastExtensionSDK (= 0.0.9)
    - HMSHLSPlayerSDK (= 0.0.2)
    - HMSNoiseCancellationModels (= 1.0.0)
    - HMSSDK (= 1.10.0)
  - HMSWebRTC (1.0.6169)
  - KTVCocoaHTTPServer (1.0.0):
    - CocoaAsyncSocket
  - KTVHTTPCache (2.0.1):
    - KTVCocoaHTTPServer
  - native_video_player (1.0.0):
    - Flutter
  - open_filex (0.0.2):
    - Flutter
  - path_provider_foundation (0.0.1):
    - Flutter
    - FlutterMacOS
  - permission_handler_apple (9.3.0):
    - Flutter
  - pointer_interceptor_ios (0.0.1):
    - Flutter
  - share_plus (0.0.1):
    - Flutter
  - shared_preferences_foundation (0.0.1):
    - Flutter
    - FlutterMacOS
  - smart_auth (0.0.1):
    - Flutter
  - url_launcher_ios (0.0.1):
    - Flutter
  - webview_flutter_wkwebview (0.0.1):
    - Flutter

DEPENDENCIES:
  - cached_video_player (from `.symlinks/plugins/cached_video_player/ios`)
  - Flutter (from `Flutter`)
  - flutter_keyboard_visibility (from `.symlinks/plugins/flutter_keyboard_visibility/ios`)
  - hmssdk_flutter (from `.symlinks/plugins/hmssdk_flutter/ios`)
  - native_video_player (from `.symlinks/plugins/native_video_player/ios`)
  - open_filex (from `.symlinks/plugins/open_filex/ios`)
  - path_provider_foundation (from `.symlinks/plugins/path_provider_foundation/darwin`)
  - permission_handler_apple (from `.symlinks/plugins/permission_handler_apple/ios`)
  - pointer_interceptor_ios (from `.symlinks/plugins/pointer_interceptor_ios/ios`)
  - share_plus (from `.symlinks/plugins/share_plus/ios`)
  - shared_preferences_foundation (from `.symlinks/plugins/shared_preferences_foundation/darwin`)
  - smart_auth (from `.symlinks/plugins/smart_auth/ios`)
  - url_launcher_ios (from `.symlinks/plugins/url_launcher_ios/ios`)
  - webview_flutter_wkwebview (from `.symlinks/plugins/webview_flutter_wkwebview/ios`)

SPEC REPOS:
  trunk:
    - CocoaAsyncSocket
    - HMSAnalyticsSDK
    - HMSBroadcastExtensionSDK
    - HMSHLSPlayerSDK
    - HMSNoiseCancellationModels
    - HMSSDK
    - HMSWebRTC
    - KTVCocoaHTTPServer
    - KTVHTTPCache

EXTERNAL SOURCES:
  cached_video_player:
    :path: ".symlinks/plugins/cached_video_player/ios"
  Flutter:
    :path: Flutter
  flutter_keyboard_visibility:
    :path: ".symlinks/plugins/flutter_keyboard_visibility/ios"
  hmssdk_flutter:
    :path: ".symlinks/plugins/hmssdk_flutter/ios"
  native_video_player:
    :path: ".symlinks/plugins/native_video_player/ios"
  open_filex:
    :path: ".symlinks/plugins/open_filex/ios"
  path_provider_foundation:
    :path: ".symlinks/plugins/path_provider_foundation/darwin"
  permission_handler_apple:
    :path: ".symlinks/plugins/permission_handler_apple/ios"
  pointer_interceptor_ios:
    :path: ".symlinks/plugins/pointer_interceptor_ios/ios"
  share_plus:
    :path: ".symlinks/plugins/share_plus/ios"
  shared_preferences_foundation:
    :path: ".symlinks/plugins/shared_preferences_foundation/darwin"
  smart_auth:
    :path: ".symlinks/plugins/smart_auth/ios"
  url_launcher_ios:
    :path: ".symlinks/plugins/url_launcher_ios/ios"
  webview_flutter_wkwebview:
    :path: ".symlinks/plugins/webview_flutter_wkwebview/ios"

SPEC CHECKSUMS:
  cached_video_player: 9f225ed1c46bda0fe287b8288742329d441e2cc5
  CocoaAsyncSocket: 065fd1e645c7abab64f7a6a2007a48038fdc6a99
  Flutter: e0871f40cf51350855a761d2e70bf5af5b9b5de7
  flutter_keyboard_visibility: 0339d06371254c3eb25eeb90ba8d17dca8f9c069
  HMSAnalyticsSDK: 4d2a88a729b1eb42f3d25f217c28937ec318a5b7
  HMSBroadcastExtensionSDK: d80fe325f6c928bd8e5176290b5a4b7ae15d6fbb
  HMSHLSPlayerSDK: 6a54ad4d12f3dc2270d1ecd24019d71282a4f6a3
  HMSNoiseCancellationModels: a3bda1405a16015632f4bcabd46ce48f35103b02
  HMSSDK: fbbdebf673baba7f98f3fa13241b4249929ad681
  hmssdk_flutter: 9be13b77e2a55dba665e154cae026d2b5cdfa053
  HMSWebRTC: 8f51ba33a0e505e17ebf3d7b37bcdca266751a13
  KTVCocoaHTTPServer: df8d7b861e603ff8037e9b2138aca2563a6b768d
  KTVHTTPCache: 588c3eb16f6bd1e6fde1e230dabfb7bd4e490a4d
  native_video_player: d12af78a1a4a8cf09775a5177d5b392def6fd23c
  open_filex: 6e26e659846ec990262224a12ef1c528bb4edbe4
  path_provider_foundation: 2b6b4c569c0fb62ec74538f866245ac84301af46
  permission_handler_apple: 9878588469a2b0d0fc1e048d9f43605f92e6cec2
  pointer_interceptor_ios: 9280618c0b2eeb80081a343924aa8ad756c21375
  share_plus: c3fef564749587fc939ef86ffb283ceac0baf9f5
  shared_preferences_foundation: fcdcbc04712aee1108ac7fda236f363274528f78
  smart_auth: 4bedbc118723912d0e45a07e8ab34039c19e04f2
  url_launcher_ios: 5334b05cef931de560670eeae103fd3e431ac3fe
  webview_flutter_wkwebview: be0f0d33777f1bfd0c9fdcb594786704dbf65f36

PODFILE CHECKSUM: cf36ce1fe79bba39b3f82c474afd9180fff57695

COCOAPODS: 1.15.2
